
Microsoft Visual Studio Solution File, Format Version 12.00
# Visual Studio Version 17
VisualStudioVersion = 17.9.34616.47
MinimumVisualStudioVersion = 10.0.40219.1
Project("{8BC9CEB8-8B4A-11D0-8D11-00A0C91BC942}") = "Save the Earth", "Save the Earth\Save the Earth.vcxproj", "{1054CA99-2B6D-439B-8480-513C962094DF}"
EndProject
Global
	GlobalSection(SolutionConfigurationPlatforms) = preSolution
		Debug|x64 = Debug|x64
		Debug|x86 = Debug|x86
		Release|x64 = Release|x64
		Release|x86 = Release|x86
	EndGlobalSection
	GlobalSection(ProjectConfigurationPlatforms) = postSolution
		{1054CA99-2B6D-439B-8480-513C962094DF}.Debug|x64.ActiveCfg = Debug|x64
		{1054CA99-2B6D-439B-8480-513C962094DF}.Debug|x64.Build.0 = Debug|x64
		{1054CA99-2B6D-439B-8480-513C962094DF}.Debug|x86.ActiveCfg = Debug|Win32
		{1054CA99-2B6D-439B-8480-513C962094DF}.Debug|x86.Build.0 = Debug|Win32
		{1054CA99-2B6D-439B-8480-513C962094DF}.Release|x64.ActiveCfg = Release|x64
		{1054CA99-2B6D-439B-8480-513C962094DF}.Release|x64.Build.0 = Release|x64
		{1054CA99-2B6D-439B-8480-513C962094DF}.Release|x86.ActiveCfg = Release|Win32
		{1054CA99-2B6D-439B-8480-513C962094DF}.Release|x86.Build.0 = Release|Win32
	EndGlobalSection
	GlobalSection(SolutionProperties) = preSolution
		HideSolutionNode = FALSE
	EndGlobalSection
	GlobalSection(ExtensibilityGlobals) = postSolution
		SolutionGuid = {BF4BF38D-7A9B-459C-921D-B9917A507D21}
	EndGlobalSection
EndGlobal
